
Microsoft Visual Studio Solution File, Format Version 12.00
# Visual Studio Version 17
VisualStudioVersion = 17.4.33122.133
MinimumVisualStudioVersion = 10.0.40219.1
Project("{FAE04EC0-301F-11D3-BF4B-00C04F79EFBC}") = "Work1", "Work1\Work1.csproj", "{78D50D4F-ACB2-4D86-906D-6F32487A7ABF}"
EndProject
Global
	GlobalSection(SolutionConfigurationPlatforms) = preSolution
		Debug|Any CPU = Debug|Any CPU
		Release|Any CPU = Release|Any CPU
	EndGlobalSection
	GlobalSection(ProjectConfigurationPlatforms) = postSolution
		{78D50D4F-ACB2-4D86-906D-6F32487A7ABF}.Debug|Any CPU.ActiveCfg = Debug|Any CPU
		{78D50D4F-ACB2-4D86-906D-6F32487A7ABF}.Debug|Any CPU.Build.0 = Debug|Any CPU
		{78D50D4F-ACB2-4D86-906D-6F32487A7ABF}.Release|Any CPU.ActiveCfg = Release|Any CPU
		{78D50D4F-ACB2-4D86-906D-6F32487A7ABF}.Release|Any CPU.Build.0 = Release|Any CPU
	EndGlobalSection
	GlobalSection(SolutionProperties) = preSolution
		HideSolutionNode = FALSE
	EndGlobalSection
	GlobalSection(ExtensibilityGlobals) = postSolution
		SolutionGuid = {9CF5B716-A90C-4430-AB30-097C74CCC511}
	EndGlobalSection
EndGlobal
